{
  "name": "viewdisk",
  "version": "1.0.0",
  "lockfileVersion": 2,
  "requires": true,
  "packages": {
    "": {
      "name": "viewdisk",
      "version": "1.0.0",
      "license": "ISC",
      "dependencies": {
        "diskinfo": "^0.0.3"
      }
    },
    "node_modules/diskinfo": {
      "version": "0.0.3",
      "resolved": "https://registry.npmmirror.com/diskinfo/-/diskinfo-0.0.3.tgz",
      "integrity": "sha512-uZoeIGLsRWBWX+P1K14R/JDvCpo4kdUd6p2jVh09dzsNog005gSYLF6GXjSqPKo6Tl9qsw2f6auy8UUcC2y6yg==",
      "os": [
        "linux",
        "win32"
      ]
    }
  },
  "dependencies": {
    "diskinfo": {
      "version": "0.0.3",
      "resolved": "https://registry.npmmirror.com/diskinfo/-/diskinfo-0.0.3.tgz",
      "integrity": "sha512-uZoeIGLsRWBWX+P1K14R/JDvCpo4kdUd6p2jVh09dzsNog005gSYLF6GXjSqPKo6Tl9qsw2f6auy8UUcC2y6yg=="
    }
  }
}
